
Microsoft Visual Studio Solution File, Format Version 12.00
# Visual Studio 15
VisualStudioVersion = 15.0.25807.0
MinimumVisualStudioVersion = 10.0.40219.1
Project("{2150E333-8FDC-42A3-9474-1A3956D46DE8}") = "Engine", "Engine", "{CB03C062-2F8D-460A-8258-1798268FDB01}"
EndProject
Project("{2150E333-8FDC-42A3-9474-1A3956D46DE8}") = "Games", "Games", "{6694656D-8D27-4A06-ABC0-AD4E55AC04DC}"
EndProject
Project("{8BC9CEB8-8B4A-11D0-8D11-00A0C91BC942}") = "UE4", "Intermediate\ProjectFiles\UE4.vcxproj", "{F20CFDBB-9371-43A0-B09A-76165A8594DD}"
EndProject
Project("{8BC9CEB8-8B4A-11D0-8D11-00A0C91BC942}") = "BuildingEscape", "Intermediate\ProjectFiles\BuildingEscape.vcxproj", "{4DDDA97D-7525-42AC-8323-D78150490EEF}"
EndProject
Global
	GlobalSection(SolutionConfigurationPlatforms) = preSolution
		DebugGame Editor|Win32 = DebugGame Editor|Win32
		DebugGame Editor|Win64 = DebugGame Editor|Win64
		DebugGame|Win32 = DebugGame|Win32
		DebugGame|Win64 = DebugGame|Win64
		Development Editor|Win32 = Development Editor|Win32
		Development Editor|Win64 = Development Editor|Win64
		Development|Win32 = Development|Win32
		Development|Win64 = Development|Win64
		Shipping|Win32 = Shipping|Win32
		Shipping|Win64 = Shipping|Win64
	EndGlobalSection
	GlobalSection(ProjectConfigurationPlatforms) = postSolution
		{F20CFDBB-9371-43A0-B09A-76165A8594DD}.DebugGame Editor|Win32.ActiveCfg = BuiltWithUnrealBuildTool|Win32
		{F20CFDBB-9371-43A0-B09A-76165A8594DD}.DebugGame Editor|Win32.Build.0 = BuiltWithUnrealBuildTool|Win32
		{F20CFDBB-9371-43A0-B09A-76165A8594DD}.DebugGame Editor|Win64.ActiveCfg = BuiltWithUnrealBuildTool|Win32
		{F20CFDBB-9371-43A0-B09A-76165A8594DD}.DebugGame Editor|Win64.Build.0 = BuiltWithUnrealBuildTool|Win32
		{F20CFDBB-9371-43A0-B09A-76165A8594DD}.DebugGame|Win32.ActiveCfg = BuiltWithUnrealBuildTool|Win32
		{F20CFDBB-9371-43A0-B09A-76165A8594DD}.DebugGame|Win32.Build.0 = BuiltWithUnrealBuildTool|Win32
		{F20CFDBB-9371-43A0-B09A-76165A8594DD}.DebugGame|Win64.ActiveCfg = BuiltWithUnrealBuildTool|Win32
		{F20CFDBB-9371-43A0-B09A-76165A8594DD}.DebugGame|Win64.Build.0 = BuiltWithUnrealBuildTool|Win32
		{F20CFDBB-9371-43A0-B09A-76165A8594DD}.Development Editor|Win32.ActiveCfg = BuiltWithUnrealBuildTool|Win32
		{F20CFDBB-9371-43A0-B09A-76165A8594DD}.Development Editor|Win32.Build.0 = BuiltWithUnrealBuildTool|Win32
		{F20CFDBB-9371-43A0-B09A-76165A8594DD}.Development Editor|Win64.ActiveCfg = BuiltWithUnrealBuildTool|Win32
		{F20CFDBB-9371-43A0-B09A-76165A8594DD}.Development Editor|Win64.Build.0 = BuiltWithUnrealBuildTool|Win32
		{F20CFDBB-9371-43A0-B09A-76165A8594DD}.Development|Win32.ActiveCfg = BuiltWithUnrealBuildTool|Win32
		{F20CFDBB-9371-43A0-B09A-76165A8594DD}.Development|Win32.Build.0 = BuiltWithUnrealBuildTool|Win32
		{F20CFDBB-9371-43A0-B09A-76165A8594DD}.Development|Win64.ActiveCfg = BuiltWithUnrealBuildTool|Win32
		{F20CFDBB-9371-43A0-B09A-76165A8594DD}.Development|Win64.Build.0 = BuiltWithUnrealBuildTool|Win32
		{F20CFDBB-9371-43A0-B09A-76165A8594DD}.Shipping|Win32.ActiveCfg = BuiltWithUnrealBuildTool|Win32
		{F20CFDBB-9371-43A0-B09A-76165A8594DD}.Shipping|Win32.Build.0 = BuiltWithUnrealBuildTool|Win32
		{F20CFDBB-9371-43A0-B09A-76165A8594DD}.Shipping|Win64.ActiveCfg = BuiltWithUnrealBuildTool|Win32
		{F20CFDBB-9371-43A0-B09A-76165A8594DD}.Shipping|Win64.Build.0 = BuiltWithUnrealBuildTool|Win32
		{4DDDA97D-7525-42AC-8323-D78150490EEF}.DebugGame Editor|Win32.ActiveCfg = DebugGame_Editor|Win32
		{4DDDA97D-7525-42AC-8323-D78150490EEF}.DebugGame Editor|Win64.ActiveCfg = DebugGame_Editor|x64
		{4DDDA97D-7525-42AC-8323-D78150490EEF}.DebugGame Editor|Win64.Build.0 = DebugGame_Editor|x64
		{4DDDA97D-7525-42AC-8323-D78150490EEF}.DebugGame|Win32.ActiveCfg = DebugGame_Game|Win32
		{4DDDA97D-7525-42AC-8323-D78150490EEF}.DebugGame|Win32.Build.0 = DebugGame_Game|Win32
		{4DDDA97D-7525-42AC-8323-D78150490EEF}.DebugGame|Win64.ActiveCfg = DebugGame_Game|x64
		{4DDDA97D-7525-42AC-8323-D78150490EEF}.DebugGame|Win64.Build.0 = DebugGame_Game|x64
		{4DDDA97D-7525-42AC-8323-D78150490EEF}.Development Editor|Win32.ActiveCfg = Development_Editor|Win32
		{4DDDA97D-7525-42AC-8323-D78150490EEF}.Development Editor|Win64.ActiveCfg = Development_Editor|x64
		{4DDDA97D-7525-42AC-8323-D78150490EEF}.Development Editor|Win64.Build.0 = Development_Editor|x64
		{4DDDA97D-7525-42AC-8323-D78150490EEF}.Development|Win32.ActiveCfg = Development_Game|Win32
		{4DDDA97D-7525-42AC-8323-D78150490EEF}.Development|Win32.Build.0 = Development_Game|Win32
		{4DDDA97D-7525-42AC-8323-D78150490EEF}.Development|Win64.ActiveCfg = Development_Game|x64
		{4DDDA97D-7525-42AC-8323-D78150490EEF}.Development|Win64.Build.0 = Development_Game|x64
		{4DDDA97D-7525-42AC-8323-D78150490EEF}.Shipping|Win32.ActiveCfg = Shipping_Game|Win32
		{4DDDA97D-7525-42AC-8323-D78150490EEF}.Shipping|Win32.Build.0 = Shipping_Game|Win32
		{4DDDA97D-7525-42AC-8323-D78150490EEF}.Shipping|Win64.ActiveCfg = Shipping_Game|x64
		{4DDDA97D-7525-42AC-8323-D78150490EEF}.Shipping|Win64.Build.0 = Shipping_Game|x64
	EndGlobalSection
	GlobalSection(SolutionProperties) = preSolution
		HideSolutionNode = FALSE
	EndGlobalSection
	GlobalSection(NestedProjects) = preSolution
		{F20CFDBB-9371-43A0-B09A-76165A8594DD} = {CB03C062-2F8D-460A-8258-1798268FDB01}
		{4DDDA97D-7525-42AC-8323-D78150490EEF} = {6694656D-8D27-4A06-ABC0-AD4E55AC04DC}
	EndGlobalSection
	GlobalSection(ExtensibilityGlobals) = postSolution
		SolutionGuid = {97567423-C8F3-4BA6-A0BF-6FF03055DB9A}
	EndGlobalSection
EndGlobal
